
Microsoft Visual Studio Solution File, Format Version 12.00
# Visual Studio Version 17
VisualStudioVersion = 17.2.32630.192
MinimumVisualStudioVersion = 10.0.40219.1
Project("{2150E333-8FDC-42A3-9474-1A3956D46DE8}") = "Core", "Core", "{082C8C9F-F65E-467B-8916-BFC39DE25DD4}"
EndProject
Project("{2150E333-8FDC-42A3-9474-1A3956D46DE8}") = "Infrastructure", "Infrastructure", "{56FCB746-4A2C-4BFF-B8D2-BAFAD6079A75}"
EndProject
Project("{2150E333-8FDC-42A3-9474-1A3956D46DE8}") = "Presentation", "Presentation", "{3ACAB14F-01BA-4153-9B87-AD2DE47B3BD4}"
EndProject
Project("{2150E333-8FDC-42A3-9474-1A3956D46DE8}") = "Tests", "Tests", "{655D43B0-EEEB-4DBF-B3CE-80FD333F7081}"
EndProject
Project("{9A19103F-16F7-4668-BE54-9A1E7A4F7556}") = "BeSmart.Domain", "BeSmart.Domain\BeSmart.Domain.csproj", "{93860210-5EDF-4114-8D6D-3D5DF5177D23}"
EndProject
Project("{9A19103F-16F7-4668-BE54-9A1E7A4F7556}") = "BeSmart.Application", "BeSmart.Application\BeSmart.Application.csproj", "{F427273E-2D0F-4615-ADCE-E0C7BDE8A3A6}"
EndProject
Project("{9A19103F-16F7-4668-BE54-9A1E7A4F7556}") = "BeSmart.Persistence", "BeSmart.Persistence\BeSmart.Persistence.csproj", "{40A08BB9-751F-41C9-83B7-6F77BFA757DB}"
EndProject
Project("{9A19103F-16F7-4668-BE54-9A1E7A4F7556}") = "BeSmart.WebApi", "BeSmart.WebApi\BeSmart.WebApi.csproj", "{322BA44F-4625-4BB8-B29E-530FB00C89FF}"
EndProject
Project("{2150E333-8FDC-42A3-9474-1A3956D46DE8}") = "Project", "Project", "{8C85A30D-1F3E-4CEB-8CB2-4F0FC922B921}"
	ProjectSection(SolutionItems) = preProject
		docker-compose.yml = docker-compose.yml
	EndProjectSection
EndProject
Project("{9A19103F-16F7-4668-BE54-9A1E7A4F7556}") = "UnitTests", "UnitTests\UnitTests.csproj", "{F06C26A0-B1E4-4883-B282-867F5CA40021}"
EndProject
Project("{2150E333-8FDC-42A3-9474-1A3956D46DE8}") = "Server", "Server", "{7B866CBA-5630-4C57-BE63-E640E5DFAA4E}"
EndProject
Project("{FAE04EC0-301F-11D3-BF4B-00C04F79EFBC}") = "BeSmart.Server", "BeSmart.Server\BeSmart.Server.csproj", "{F0A05D63-2340-43C8-A7EB-DDD7AB1D550A}"
EndProject
Project("{2150E333-8FDC-42A3-9474-1A3956D46DE8}") = "Presentation", "Presentation", "{CC7FC8AA-6670-46DB-8551-F2EAECFFFF6C}"
EndProject
Project("{2150E333-8FDC-42A3-9474-1A3956D46DE8}") = "Core", "Core", "{A413D6D8-447D-4A82-85B8-734E09F1F759}"
EndProject
Project("{2150E333-8FDC-42A3-9474-1A3956D46DE8}") = "Infrastructure", "Infrastructure", "{42469E17-C900-4B6A-A254-D7994D48AD4C}"
EndProject
Project("{FAE04EC0-301F-11D3-BF4B-00C04F79EFBC}") = "BeSmart.Server.Domain", "BeSmart.Server.Domain\BeSmart.Server.Domain.csproj", "{A49791F2-52CD-4CB8-B463-23E03F65161B}"
EndProject
Project("{FAE04EC0-301F-11D3-BF4B-00C04F79EFBC}") = "BeSmart.Server.Persistence", "BeSmart.Server.Persistence\BeSmart.Server.Persistence.csproj", "{1039192B-27A7-4B5C-AE19-07909746DF1F}"
EndProject
Project("{FAE04EC0-301F-11D3-BF4B-00C04F79EFBC}") = "BeSmart.Server.Application", "BeSmart.Server.Application\BeSmart.Server.Application.csproj", "{ADC8394C-63F0-4009-A86C-FA27099E931C}"
EndProject
Global
	GlobalSection(SolutionConfigurationPlatforms) = preSolution
		Debug|Any CPU = Debug|Any CPU
		Release|Any CPU = Release|Any CPU
	EndGlobalSection
	GlobalSection(ProjectConfigurationPlatforms) = postSolution
		{93860210-5EDF-4114-8D6D-3D5DF5177D23}.Debug|Any CPU.ActiveCfg = Debug|Any CPU
		{93860210-5EDF-4114-8D6D-3D5DF5177D23}.Debug|Any CPU.Build.0 = Debug|Any CPU
		{93860210-5EDF-4114-8D6D-3D5DF5177D23}.Release|Any CPU.ActiveCfg = Release|Any CPU
		{93860210-5EDF-4114-8D6D-3D5DF5177D23}.Release|Any CPU.Build.0 = Release|Any CPU
		{F427273E-2D0F-4615-ADCE-E0C7BDE8A3A6}.Debug|Any CPU.ActiveCfg = Debug|Any CPU
		{F427273E-2D0F-4615-ADCE-E0C7BDE8A3A6}.Debug|Any CPU.Build.0 = Debug|Any CPU
		{F427273E-2D0F-4615-ADCE-E0C7BDE8A3A6}.Release|Any CPU.ActiveCfg = Release|Any CPU
		{F427273E-2D0F-4615-ADCE-E0C7BDE8A3A6}.Release|Any CPU.Build.0 = Release|Any CPU
		{40A08BB9-751F-41C9-83B7-6F77BFA757DB}.Debug|Any CPU.ActiveCfg = Debug|Any CPU
		{40A08BB9-751F-41C9-83B7-6F77BFA757DB}.Debug|Any CPU.Build.0 = Debug|Any CPU
		{40A08BB9-751F-41C9-83B7-6F77BFA757DB}.Release|Any CPU.ActiveCfg = Release|Any CPU
		{40A08BB9-751F-41C9-83B7-6F77BFA757DB}.Release|Any CPU.Build.0 = Release|Any CPU
		{322BA44F-4625-4BB8-B29E-530FB00C89FF}.Debug|Any CPU.ActiveCfg = Debug|Any CPU
		{322BA44F-4625-4BB8-B29E-530FB00C89FF}.Debug|Any CPU.Build.0 = Debug|Any CPU
		{322BA44F-4625-4BB8-B29E-530FB00C89FF}.Release|Any CPU.ActiveCfg = Release|Any CPU
		{322BA44F-4625-4BB8-B29E-530FB00C89FF}.Release|Any CPU.Build.0 = Release|Any CPU
		{F06C26A0-B1E4-4883-B282-867F5CA40021}.Debug|Any CPU.ActiveCfg = Debug|Any CPU
		{F06C26A0-B1E4-4883-B282-867F5CA40021}.Debug|Any CPU.Build.0 = Debug|Any CPU
		{F06C26A0-B1E4-4883-B282-867F5CA40021}.Release|Any CPU.ActiveCfg = Release|Any CPU
		{F06C26A0-B1E4-4883-B282-867F5CA40021}.Release|Any CPU.Build.0 = Release|Any CPU
		{F0A05D63-2340-43C8-A7EB-DDD7AB1D550A}.Debug|Any CPU.ActiveCfg = Debug|Any CPU
		{F0A05D63-2340-43C8-A7EB-DDD7AB1D550A}.Debug|Any CPU.Build.0 = Debug|Any CPU
		{F0A05D63-2340-43C8-A7EB-DDD7AB1D550A}.Release|Any CPU.ActiveCfg = Release|Any CPU
		{F0A05D63-2340-43C8-A7EB-DDD7AB1D550A}.Release|Any CPU.Build.0 = Release|Any CPU
		{A49791F2-52CD-4CB8-B463-23E03F65161B}.Debug|Any CPU.ActiveCfg = Debug|Any CPU
		{A49791F2-52CD-4CB8-B463-23E03F65161B}.Debug|Any CPU.Build.0 = Debug|Any CPU
		{A49791F2-52CD-4CB8-B463-23E03F65161B}.Release|Any CPU.ActiveCfg = Release|Any CPU
		{A49791F2-52CD-4CB8-B463-23E03F65161B}.Release|Any CPU.Build.0 = Release|Any CPU
		{1039192B-27A7-4B5C-AE19-07909746DF1F}.Debug|Any CPU.ActiveCfg = Debug|Any CPU
		{1039192B-27A7-4B5C-AE19-07909746DF1F}.Debug|Any CPU.Build.0 = Debug|Any CPU
		{1039192B-27A7-4B5C-AE19-07909746DF1F}.Release|Any CPU.ActiveCfg = Release|Any CPU
		{1039192B-27A7-4B5C-AE19-07909746DF1F}.Release|Any CPU.Build.0 = Release|Any CPU
		{ADC8394C-63F0-4009-A86C-FA27099E931C}.Debug|Any CPU.ActiveCfg = Debug|Any CPU
		{ADC8394C-63F0-4009-A86C-FA27099E931C}.Debug|Any CPU.Build.0 = Debug|Any CPU
		{ADC8394C-63F0-4009-A86C-FA27099E931C}.Release|Any CPU.ActiveCfg = Release|Any CPU
		{ADC8394C-63F0-4009-A86C-FA27099E931C}.Release|Any CPU.Build.0 = Release|Any CPU
	EndGlobalSection
	GlobalSection(SolutionProperties) = preSolution
		HideSolutionNode = FALSE
	EndGlobalSection
	GlobalSection(NestedProjects) = preSolution
		{082C8C9F-F65E-467B-8916-BFC39DE25DD4} = {8C85A30D-1F3E-4CEB-8CB2-4F0FC922B921}
		{56FCB746-4A2C-4BFF-B8D2-BAFAD6079A75} = {8C85A30D-1F3E-4CEB-8CB2-4F0FC922B921}
		{3ACAB14F-01BA-4153-9B87-AD2DE47B3BD4} = {8C85A30D-1F3E-4CEB-8CB2-4F0FC922B921}
		{655D43B0-EEEB-4DBF-B3CE-80FD333F7081} = {8C85A30D-1F3E-4CEB-8CB2-4F0FC922B921}
		{93860210-5EDF-4114-8D6D-3D5DF5177D23} = {082C8C9F-F65E-467B-8916-BFC39DE25DD4}
		{F427273E-2D0F-4615-ADCE-E0C7BDE8A3A6} = {082C8C9F-F65E-467B-8916-BFC39DE25DD4}
		{40A08BB9-751F-41C9-83B7-6F77BFA757DB} = {56FCB746-4A2C-4BFF-B8D2-BAFAD6079A75}
		{322BA44F-4625-4BB8-B29E-530FB00C89FF} = {3ACAB14F-01BA-4153-9B87-AD2DE47B3BD4}
		{F06C26A0-B1E4-4883-B282-867F5CA40021} = {655D43B0-EEEB-4DBF-B3CE-80FD333F7081}
		{F0A05D63-2340-43C8-A7EB-DDD7AB1D550A} = {CC7FC8AA-6670-46DB-8551-F2EAECFFFF6C}
		{CC7FC8AA-6670-46DB-8551-F2EAECFFFF6C} = {7B866CBA-5630-4C57-BE63-E640E5DFAA4E}
		{A413D6D8-447D-4A82-85B8-734E09F1F759} = {7B866CBA-5630-4C57-BE63-E640E5DFAA4E}
		{42469E17-C900-4B6A-A254-D7994D48AD4C} = {7B866CBA-5630-4C57-BE63-E640E5DFAA4E}
		{A49791F2-52CD-4CB8-B463-23E03F65161B} = {A413D6D8-447D-4A82-85B8-734E09F1F759}
		{1039192B-27A7-4B5C-AE19-07909746DF1F} = {42469E17-C900-4B6A-A254-D7994D48AD4C}
		{ADC8394C-63F0-4009-A86C-FA27099E931C} = {A413D6D8-447D-4A82-85B8-734E09F1F759}
	EndGlobalSection
	GlobalSection(ExtensibilityGlobals) = postSolution
		SolutionGuid = {7E3737F2-03F5-446C-8FA6-2516DA334866}
	EndGlobalSection
EndGlobal
